{
  "name": "clickhouse-sidecar",
  "version": "1.0.0",
  "lockfileVersion": 3,
  "requires": true,
  "packages": {
    "": {
      "name": "clickhouse-sidecar",
      "version": "1.0.0",
      "os": [
        "darwin",
        "linux"
      ],
      "engines": {
        "node": ">=18.0.0"
      },
      "peerDependencies": {
        "@clickhouse/client": "^1.18.2"
      }
    },
    "node_modules/@clickhouse/client": {
      "version": "1.18.2",
      "resolved": "https://registry.npmjs.org/@clickhouse/client/-/client-1.18.2.tgz",
      "integrity": "sha512-fuquQswRSHWM6D079ZeuGqkMOsqtcUPL06UdTnowmoeeYjVrqisfVmvnw8pc3OeKS4kVb91oygb/MfLDiMs0TQ==",
      "license": "Apache-2.0",
      "peer": true,
      "dependencies": {
        "@clickhouse/client-common": "1.18.2"
      },
      "engines": {
        "node": ">=16"
      }
    },
    "node_modules/@clickhouse/client-common": {
      "version": "1.18.2",
      "resolved": "https://registry.npmjs.org/@clickhouse/client-common/-/client-common-1.18.2.tgz",
      "integrity": "sha512-J0SG6q9V31ydxonglpj9xhNRsUxCsF71iEZ784yldqMYwsHixj/9xHFDgBDX3DuMiDx/kPDfXnf+pimp08wIBA==",
      "license": "Apache-2.0",
      "peer": true
    }
  }
}
